
Microsoft Visual Studio Solution File, Format Version 12.00
# Visual Studio Version 16
VisualStudioVersion = 16.0.29613.14
MinimumVisualStudioVersion = 10.0.40219.1
Project("{9A19103F-16F7-4668-BE54-9A1E7A4F7556}") = "StudentStore", "StudentStore\StudentStore.csproj", "{D806F921-3824-4416-8FE0-C5CFD612E80E}"
EndProject
Project("{9A19103F-16F7-4668-BE54-9A1E7A4F7556}") = "StudentStore.DAL(old)", "StudentStore.DAL\StudentStore.DAL(old).csproj", "{24B61F75-E000-46F3-9BA2-CEF8E7C4D90A}"
EndProject
Project("{9A19103F-16F7-4668-BE54-9A1E7A4F7556}") = "StudentStore.BLL", "StudentStore.BLL\StudentStore.BLL.csproj", "{AEAD1252-72B5-4947-9246-E498FAF9E1B6}"
EndProject
Project("{9A19103F-16F7-4668-BE54-9A1E7A4F7556}") = "StudentStore.Infrastructure", "StudentStore.Infrastructure\StudentStore.Infrastructure.csproj", "{73014B8B-BB5C-43B1-B74B-C3CDC2ABEFC6}"
EndProject
Project("{9A19103F-16F7-4668-BE54-9A1E7A4F7556}") = "StudentStore.DAL", "StudentsStore.DAL(new)\StudentStore.DAL.csproj", "{0262EE21-8F24-45CC-92C1-DC062C7237EE}"
EndProject
Global
	GlobalSection(SolutionConfigurationPlatforms) = preSolution
		Debug|Any CPU = Debug|Any CPU
		Migration|Any CPU = Migration|Any CPU
		Release|Any CPU = Release|Any CPU
	EndGlobalSection
	GlobalSection(ProjectConfigurationPlatforms) = postSolution
		{D806F921-3824-4416-8FE0-C5CFD612E80E}.Debug|Any CPU.ActiveCfg = Debug|Any CPU
		{D806F921-3824-4416-8FE0-C5CFD612E80E}.Debug|Any CPU.Build.0 = Debug|Any CPU
		{D806F921-3824-4416-8FE0-C5CFD612E80E}.Migration|Any CPU.ActiveCfg = Migration|Any CPU
		{D806F921-3824-4416-8FE0-C5CFD612E80E}.Migration|Any CPU.Build.0 = Migration|Any CPU
		{D806F921-3824-4416-8FE0-C5CFD612E80E}.Release|Any CPU.ActiveCfg = Release|Any CPU
		{D806F921-3824-4416-8FE0-C5CFD612E80E}.Release|Any CPU.Build.0 = Release|Any CPU
		{24B61F75-E000-46F3-9BA2-CEF8E7C4D90A}.Debug|Any CPU.ActiveCfg = Debug|Any CPU
		{24B61F75-E000-46F3-9BA2-CEF8E7C4D90A}.Debug|Any CPU.Build.0 = Debug|Any CPU
		{24B61F75-E000-46F3-9BA2-CEF8E7C4D90A}.Migration|Any CPU.ActiveCfg = Migration|Any CPU
		{24B61F75-E000-46F3-9BA2-CEF8E7C4D90A}.Migration|Any CPU.Build.0 = Migration|Any CPU
		{24B61F75-E000-46F3-9BA2-CEF8E7C4D90A}.Release|Any CPU.ActiveCfg = Release|Any CPU
		{24B61F75-E000-46F3-9BA2-CEF8E7C4D90A}.Release|Any CPU.Build.0 = Release|Any CPU
		{AEAD1252-72B5-4947-9246-E498FAF9E1B6}.Debug|Any CPU.ActiveCfg = Debug|Any CPU
		{AEAD1252-72B5-4947-9246-E498FAF9E1B6}.Debug|Any CPU.Build.0 = Debug|Any CPU
		{AEAD1252-72B5-4947-9246-E498FAF9E1B6}.Migration|Any CPU.ActiveCfg = Migration|Any CPU
		{AEAD1252-72B5-4947-9246-E498FAF9E1B6}.Migration|Any CPU.Build.0 = Migration|Any CPU
		{AEAD1252-72B5-4947-9246-E498FAF9E1B6}.Release|Any CPU.ActiveCfg = Release|Any CPU
		{AEAD1252-72B5-4947-9246-E498FAF9E1B6}.Release|Any CPU.Build.0 = Release|Any CPU
		{73014B8B-BB5C-43B1-B74B-C3CDC2ABEFC6}.Debug|Any CPU.ActiveCfg = Debug|Any CPU
		{73014B8B-BB5C-43B1-B74B-C3CDC2ABEFC6}.Debug|Any CPU.Build.0 = Debug|Any CPU
		{73014B8B-BB5C-43B1-B74B-C3CDC2ABEFC6}.Migration|Any CPU.ActiveCfg = Migration|Any CPU
		{73014B8B-BB5C-43B1-B74B-C3CDC2ABEFC6}.Migration|Any CPU.Build.0 = Migration|Any CPU
		{73014B8B-BB5C-43B1-B74B-C3CDC2ABEFC6}.Release|Any CPU.ActiveCfg = Release|Any CPU
		{73014B8B-BB5C-43B1-B74B-C3CDC2ABEFC6}.Release|Any CPU.Build.0 = Release|Any CPU
		{0262EE21-8F24-45CC-92C1-DC062C7237EE}.Debug|Any CPU.ActiveCfg = Debug|Any CPU
		{0262EE21-8F24-45CC-92C1-DC062C7237EE}.Debug|Any CPU.Build.0 = Debug|Any CPU
		{0262EE21-8F24-45CC-92C1-DC062C7237EE}.Migration|Any CPU.ActiveCfg = Migration|Any CPU
		{0262EE21-8F24-45CC-92C1-DC062C7237EE}.Migration|Any CPU.Build.0 = Migration|Any CPU
		{0262EE21-8F24-45CC-92C1-DC062C7237EE}.Release|Any CPU.ActiveCfg = Release|Any CPU
		{0262EE21-8F24-45CC-92C1-DC062C7237EE}.Release|Any CPU.Build.0 = Release|Any CPU
	EndGlobalSection
	GlobalSection(SolutionProperties) = preSolution
		HideSolutionNode = FALSE
	EndGlobalSection
	GlobalSection(ExtensibilityGlobals) = postSolution
		SolutionGuid = {5F27517D-BC2A-42C7-ACF2-08CF9438765E}
	EndGlobalSection
EndGlobal
